// !$*UTF8*$!
{
	archiveVersion = 1;
	classes = {
	};
	objectVersion = 56;
	objects = {

/* Begin PBXBuildFile section */
		C62B349E2C6268E10038657D /* UITableViewCell.swift in Sources */ = {isa = PBXBuildFile; fileRef = C62B349D2C6268E10038657D /* UITableViewCell.swift */; };
		C633A3062C617185005CB908 /* TableView.swift in Sources */ = {isa = PBXBuildFile; fileRef = C633A3052C617185005CB908 /* TableView.swift */; };
		C633A3082C6171A2005CB908 /* DetailView.swift in Sources */ = {isa = PBXBuildFile; fileRef = C633A3072C6171A2005CB908 /* DetailView.swift */; };
		C633A30A2C6171E6005CB908 /* NetworkManager.swift in Sources */ = {isa = PBXBuildFile; fileRef = C633A3092C6171E6005CB908 /* NetworkManager.swift */; };
		C638D0B72C60DEF4002C59AB /* AppDelegate.swift in Sources */ = {isa = PBXBuildFile; fileRef = C638D0B62C60DEF4002C59AB /* AppDelegate.swift */; };
		C638D0B92C60DEF4002C59AB /* SceneDelegate.swift in Sources */ = {isa = PBXBuildFile; fileRef = C638D0B82C60DEF4002C59AB /* SceneDelegate.swift */; };
		C638D0C02C60DEF6002C59AB /* Assets.xcassets in Resources */ = {isa = PBXBuildFile; fileRef = C638D0BF2C60DEF6002C59AB /* Assets.xcassets */; };
		C638D0C32C60DEF6002C59AB /* Base in Resources */ = {isa = PBXBuildFile; fileRef = C638D0C22C60DEF6002C59AB /* Base */; };
		C638D0D22C60E606002C59AB /* TableViewController.swift in Sources */ = {isa = PBXBuildFile; fileRef = C638D0D12C60E606002C59AB /* TableViewController.swift */; };
		C638D0D42C60E632002C59AB /* DetailViewController.swift in Sources */ = {isa = PBXBuildFile; fileRef = C638D0D32C60E632002C59AB /* DetailViewController.swift */; };
		C638D0D72C60E7F9002C59AB /* ObjectModel.swift in Sources */ = {isa = PBXBuildFile; fileRef = C638D0D62C60E7F9002C59AB /* ObjectModel.swift */; };
		C638D0D92C60E822002C59AB /* ErrorHandling.swift in Sources */ = {isa = PBXBuildFile; fileRef = C638D0D82C60E822002C59AB /* ErrorHandling.swift */; };
/* End PBXBuildFile section */

/* Begin PBXFileReference section */
		C62B349D2C6268E10038657D /* UITableViewCell.swift */ = {isa = PBXFileReference; lastKnownFileType = sourcecode.swift; path = UITableViewCell.swift; sourceTree = "<group>"; };
		C633A3052C617185005CB908 /* TableView.swift */ = {isa = PBXFileReference; lastKnownFileType = sourcecode.swift; path = TableView.swift; sourceTree = "<group>"; };
		C633A3072C6171A2005CB908 /* DetailView.swift */ = {isa = PBXFileReference; lastKnownFileType = sourcecode.swift; path = DetailView.swift; sourceTree = "<group>"; };
		C633A3092C6171E6005CB908 /* NetworkManager.swift */ = {isa = PBXFileReference; lastKnownFileType = sourcecode.swift; path = NetworkManager.swift; sourceTree = "<group>"; };
		C638D0B32C60DEF4002C59AB /* iOS HW-21 Oksana Kazarinova.app */ = {isa = PBXFileReference; explicitFileType = wrapper.application; includeInIndex = 0; path = "iOS HW-21 Oksana Kazarinova.app"; sourceTree = BUILT_PRODUCTS_DIR; };
		C638D0B62C60DEF4002C59AB /* AppDelegate.swift */ = {isa = PBXFileReference; lastKnownFileType = sourcecode.swift; path = AppDelegate.swift; sourceTree = "<group>"; };
		C638D0B82C60DEF4002C59AB /* SceneDelegate.swift */ = {isa = PBXFileReference; lastKnownFileType = sourcecode.swift; path = SceneDelegate.swift; sourceTree = "<group>"; };
		C638D0BF2C60DEF6002C59AB /* Assets.xcassets */ = {isa = PBXFileReference; lastKnownFileType = folder.assetcatalog; path = Assets.xcassets; sourceTree = "<group>"; };
		C638D0C22C60DEF6002C59AB /* Base */ = {isa = PBXFileReference; lastKnownFileType = file.storyboard; name = Base; path = Base.lproj/LaunchScreen.storyboard; sourceTree = "<group>"; };
		C638D0C42C60DEF6002C59AB /* Info.plist */ = {isa = PBXFileReference; lastKnownFileType = text.plist.xml; path = Info.plist; sourceTree = "<group>"; };
		C638D0D12C60E606002C59AB /* TableViewController.swift */ = {isa = PBXFileReference; lastKnownFileType = sourcecode.swift; path = TableViewController.swift; sourceTree = "<group>"; };
		C638D0D32C60E632002C59AB /* DetailViewController.swift */ = {isa = PBXFileReference; lastKnownFileType = sourcecode.swift; path = DetailViewController.swift; sourceTree = "<group>"; };
		C638D0D62C60E7F9002C59AB /* ObjectModel.swift */ = {isa = PBXFileReference; lastKnownFileType = sourcecode.swift; path = ObjectModel.swift; sourceTree = "<group>"; };
		C638D0D82C60E822002C59AB /* ErrorHandling.swift */ = {isa = PBXFileReference; lastKnownFileType = sourcecode.swift; path = ErrorHandling.swift; sourceTree = "<group>"; };
/* End PBXFileReference section */

/* Begin PBXFrameworksBuildPhase section */
		C638D0B02C60DEF4002C59AB /* Frameworks */ = {
			isa = PBXFrameworksBuildPhase;
			buildActionMask = 2147483647;
			files = (
			);
			runOnlyForDeploymentPostprocessing = 0;
		};
/* End PBXFrameworksBuildPhase section */

/* Begin PBXGroup section */
		C633A3032C61712B005CB908 /* Model */ = {
			isa = PBXGroup;
			children = (
				C638D0D62C60E7F9002C59AB /* ObjectModel.swift */,
			);
			path = Model;
			sourceTree = "<group>";
		};
		C633A3042C617149005CB908 /* View */ = {
			isa = PBXGroup;
			children = (
				C638D0D02C60E5E4002C59AB /* TableViewCell */,
				C633A3052C617185005CB908 /* TableView.swift */,
				C633A3072C6171A2005CB908 /* DetailView.swift */,
			);
			path = View;
			sourceTree = "<group>";
		};
		C638D0AA2C60DEF4002C59AB = {
			isa = PBXGroup;
			children = (
				C638D0B52C60DEF4002C59AB /* iOS HW-21 Oksana Kazarinova */,
				C638D0B42C60DEF4002C59AB /* Products */,
			);
			sourceTree = "<group>";
		};
		C638D0B42C60DEF4002C59AB /* Products */ = {
			isa = PBXGroup;
			children = (
				C638D0B32C60DEF4002C59AB /* iOS HW-21 Oksana Kazarinova.app */,
			);
			name = Products;
			sourceTree = "<group>";
		};
		C638D0B52C60DEF4002C59AB /* iOS HW-21 Oksana Kazarinova */ = {
			isa = PBXGroup;
			children = (
				C638D0CB2C60E35E002C59AB /* App */,
				C638D0CC2C60E36C002C59AB /* Sources */,
				C638D0CA2C60E342002C59AB /* Resources */,
			);
			path = "iOS HW-21 Oksana Kazarinova";
			sourceTree = "<group>";
		};
		C638D0CA2C60E342002C59AB /* Resources */ = {
			isa = PBXGroup;
			children = (
				C638D0C12C60DEF6002C59AB /* LaunchScreen.storyboard */,
				C638D0BF2C60DEF6002C59AB /* Assets.xcassets */,
				C638D0C42C60DEF6002C59AB /* Info.plist */,
			);
			path = Resources;
			sourceTree = "<group>";
		};
		C638D0CB2C60E35E002C59AB /* App */ = {
			isa = PBXGroup;
			children = (
				C638D0B62C60DEF4002C59AB /* AppDelegate.swift */,
				C638D0B82C60DEF4002C59AB /* SceneDelegate.swift */,
			);
			path = App;
			sourceTree = "<group>";
		};
		C638D0CC2C60E36C002C59AB /* Sources */ = {
			isa = PBXGroup;
			children = (
				C633A3032C61712B005CB908 /* Model */,
				C633A3042C617149005CB908 /* View */,
				C638D0CD2C60E379002C59AB /* Controllers */,
				C638D0D52C60E78A002C59AB /* Network */,
			);
			path = Sources;
			sourceTree = "<group>";
		};
		C638D0CD2C60E379002C59AB /* Controllers */ = {
			isa = PBXGroup;
			children = (
				C638D0D12C60E606002C59AB /* TableViewController.swift */,
				C638D0D32C60E632002C59AB /* DetailViewController.swift */,
			);
			path = Controllers;
			sourceTree = "<group>";
		};
		C638D0D02C60E5E4002C59AB /* TableViewCell */ = {
			isa = PBXGroup;
			children = (
				C62B349D2C6268E10038657D /* UITableViewCell.swift */,
			);
			path = TableViewCell;
			sourceTree = "<group>";
		};
		C638D0D52C60E78A002C59AB /* Network */ = {
			isa = PBXGroup;
			children = (
				C633A3092C6171E6005CB908 /* NetworkManager.swift */,
				C638D0D82C60E822002C59AB /* ErrorHandling.swift */,
			);
			path = Network;
			sourceTree = "<group>";
		};
/* End PBXGroup section */

/* Begin PBXNativeTarget section */
		C638D0B22C60DEF4002C59AB /* iOS HW-21 Oksana Kazarinova */ = {
			isa = PBXNativeTarget;
			buildConfigurationList = C638D0C72C60DEF6002C59AB /* Build configuration list for PBXNativeTarget "iOS HW-21 Oksana Kazarinova" */;
			buildPhases = (
				C638D0AF2C60DEF4002C59AB /* Sources */,
				C638D0B02C60DEF4002C59AB /* Frameworks */,
				C638D0B12C60DEF4002C59AB /* Resources */,
			);
			buildRules = (
			);
			dependencies = (
			);
			name = "iOS HW-21 Oksana Kazarinova";
			productName = "iOS HW-21 Oksana Kazarinova";
			productReference = C638D0B32C60DEF4002C59AB /* iOS HW-21 Oksana Kazarinova.app */;
			productType = "com.apple.product-type.application";
		};
/* End PBXNativeTarget section */

/* Begin PBXProject section */
		C638D0AB2C60DEF4002C59AB /* Project object */ = {
			isa = PBXProject;
			attributes = {
				BuildIndependentTargetsInParallel = 1;
				LastSwiftUpdateCheck = 1540;
				LastUpgradeCheck = 1540;
				TargetAttributes = {
					C638D0B22C60DEF4002C59AB = {
						CreatedOnToolsVersion = 15.4;
					};
				};
			};
			buildConfigurationList = C638D0AE2C60DEF4002C59AB /* Build configuration list for PBXProject "iOS HW-21 Oksana Kazarinova" */;
			compatibilityVersion = "Xcode 14.0";
			developmentRegion = en;
			hasScannedForEncodings = 0;
			knownRegions = (
				en,
				Base,
			);
			mainGroup = C638D0AA2C60DEF4002C59AB;
			productRefGroup = C638D0B42C60DEF4002C59AB /* Products */;
			projectDirPath = "";
			projectRoot = "";
			targets = (
				C638D0B22C60DEF4002C59AB /* iOS HW-21 Oksana Kazarinova */,
			);
		};
/* End PBXProject section */

/* Begin PBXResourcesBuildPhase section */
		C638D0B12C60DEF4002C59AB /* Resources */ = {
			isa = PBXResourcesBuildPhase;
			buildActionMask = 2147483647;
			files = (
				C638D0C02C60DEF6002C59AB /* Assets.xcassets in Resources */,
				C638D0C32C60DEF6002C59AB /* Base in Resources */,
			);
			runOnlyForDeploymentPostprocessing = 0;
		};
/* End PBXResourcesBuildPhase section */

/* Begin PBXSourcesBuildPhase section */
		C638D0AF2C60DEF4002C59AB /* Sources */ = {
			isa = PBXSourcesBuildPhase;
			buildActionMask = 2147483647;
			files = (
				C633A3082C6171A2005CB908 /* DetailView.swift in Sources */,
				C633A30A2C6171E6005CB908 /* NetworkManager.swift in Sources */,
				C638D0B72C60DEF4002C59AB /* AppDelegate.swift in Sources */,
				C638D0D92C60E822002C59AB /* ErrorHandling.swift in Sources */,
				C62B349E2C6268E10038657D /* UITableViewCell.swift in Sources */,
				C638D0D42C60E632002C59AB /* DetailViewController.swift in Sources */,
				C638D0B92C60DEF4002C59AB /* SceneDelegate.swift in Sources */,
				C633A3062C617185005CB908 /* TableView.swift in Sources */,
				C638D0D72C60E7F9002C59AB /* ObjectModel.swift in Sources */,
				C638D0D22C60E606002C59AB /* TableViewController.swift in Sources */,
			);
			runOnlyForDeploymentPostprocessing = 0;
		};
/* End PBXSourcesBuildPhase section */

/* Begin PBXVariantGroup section */
		C638D0C12C60DEF6002C59AB /* LaunchScreen.storyboard */ = {
			isa = PBXVariantGroup;
			children = (
				C638D0C22C60DEF6002C59AB /* Base */,
			);
			name = LaunchScreen.storyboard;
			sourceTree = "<group>";
		};
/* End PBXVariantGroup section */

/* Begin XCBuildConfiguration section */
		C638D0C52C60DEF6002C59AB /* Debug */ = {
			isa = XCBuildConfiguration;
			buildSettings = {
				ALWAYS_SEARCH_USER_PATHS = NO;
				ASSETCATALOG_COMPILER_GENERATE_SWIFT_ASSET_SYMBOL_EXTENSIONS = YES;
				CLANG_ANALYZER_NONNULL = YES;
				CLANG_ANALYZER_NUMBER_OBJECT_CONVERSION = YES_AGGRESSIVE;
				CLANG_CXX_LANGUAGE_STANDARD = "gnu++20";
				CLANG_ENABLE_MODULES = YES;
				CLANG_ENABLE_OBJC_ARC = YES;
				CLANG_ENABLE_OBJC_WEAK = YES;
				CLANG_WARN_BLOCK_CAPTURE_AUTORELEASING = YES;
				CLANG_WARN_BOOL_CONVERSION = YES;
				CLANG_WARN_COMMA = YES;
				CLANG_WARN_CONSTANT_CONVERSION = YES;
				CLANG_WARN_DEPRECATED_OBJC_IMPLEMENTATIONS = YES;
				CLANG_WARN_DIRECT_OBJC_ISA_USAGE = YES_ERROR;
				CLANG_WARN_DOCUMENTATION_COMMENTS = YES;
				CLANG_WARN_EMPTY_BODY = YES;
				CLANG_WARN_ENUM_CONVERSION = YES;
				CLANG_WARN_INFINITE_RECURSION = YES;
				CLANG_WARN_INT_CONVERSION = YES;
				CLANG_WARN_NON_LITERAL_NULL_CONVERSION = YES;
				CLANG_WARN_OBJC_IMPLICIT_RETAIN_SELF = YES;
				CLANG_WARN_OBJC_LITERAL_CONVERSION = YES;
				CLANG_WARN_OBJC_ROOT_CLASS = YES_ERROR;
				CLANG_WARN_QUOTED_INCLUDE_IN_FRAMEWORK_HEADER = YES;
				CLANG_WARN_RANGE_LOOP_ANALYSIS = YES;
				CLANG_WARN_STRICT_PROTOTYPES = YES;
				CLANG_WARN_SUSPICIOUS_MOVE = YES;
				CLANG_WARN_UNGUARDED_AVAILABILITY = YES_AGGRESSIVE;
				CLANG_WARN_UNREACHABLE_CODE = YES;
				CLANG_WARN__DUPLICATE_METHOD_MATCH = YES;
				COPY_PHASE_STRIP = NO;
				DEBUG_INFORMATION_FORMAT = dwarf;
				ENABLE_STRICT_OBJC_MSGSEND = YES;
				ENABLE_TESTABILITY = YES;
				ENABLE_USER_SCRIPT_SANDBOXING = YES;
				GCC_C_LANGUAGE_STANDARD = gnu17;
				GCC_DYNAMIC_NO_PIC = NO;
				GCC_NO_COMMON_BLOCKS = YES;
				GCC_OPTIMIZATION_LEVEL = 0;
				GCC_PREPROCESSOR_DEFINITIONS = (
					"DEBUG=1",
					"$(inherited)",
				);
				GCC_WARN_64_TO_32_BIT_CONVERSION = YES;
				GCC_WARN_ABOUT_RETURN_TYPE = YES_ERROR;
				GCC_WARN_UNDECLARED_SELECTOR = YES;
				GCC_WARN_UNINITIALIZED_AUTOS = YES_AGGRESSIVE;
				GCC_WARN_UNUSED_FUNCTION = YES;
				GCC_WARN_UNUSED_VARIABLE = YES;
				IPHONEOS_DEPLOYMENT_TARGET = 17.5;
				LOCALIZATION_PREFERS_STRING_CATALOGS = YES;
				MTL_ENABLE_DEBUG_INFO = INCLUDE_SOURCE;
				MTL_FAST_MATH = YES;
				ONLY_ACTIVE_ARCH = YES;
				SDKROOT = iphoneos;
				SWIFT_ACTIVE_COMPILATION_CONDITIONS = "DEBUG $(inherited)";
				SWIFT_OPTIMIZATION_LEVEL = "-Onone";
			};
			name = Debug;
		};
		C638D0C62C60DEF6002C59AB /* Release */ = {
			isa = XCBuildConfiguration;
			buildSettings = {
				ALWAYS_SEARCH_USER_PATHS = NO;
				ASSETCATALOG_COMPILER_GENERATE_SWIFT_ASSET_SYMBOL_EXTENSIONS = YES;
				CLANG_ANALYZER_NONNULL = YES;
				CLANG_ANALYZER_NUMBER_OBJECT_CONVERSION = YES_AGGRESSIVE;
				CLANG_CXX_LANGUAGE_STANDARD = "gnu++20";
				CLANG_ENABLE_MODULES = YES;
				CLANG_ENABLE_OBJC_ARC = YES;
				CLANG_ENABLE_OBJC_WEAK = YES;
				CLANG_WARN_BLOCK_CAPTURE_AUTORELEASING = YES;
				CLANG_WARN_BOOL_CONVERSION = YES;
				CLANG_WARN_COMMA = YES;
				CLANG_WARN_CONSTANT_CONVERSION = YES;
				CLANG_WARN_DEPRECATED_OBJC_IMPLEMENTATIONS = YES;
				CLANG_WARN_DIRECT_OBJC_ISA_USAGE = YES_ERROR;
				CLANG_WARN_DOCUMENTATION_COMMENTS = YES;
				CLANG_WARN_EMPTY_BODY = YES;
				CLANG_WARN_ENUM_CONVERSION = YES;
				CLANG_WARN_INFINITE_RECURSION = YES;
				CLANG_WARN_INT_CONVERSION = YES;
				CLANG_WARN_NON_LITERAL_NULL_CONVERSION = YES;
				CLANG_WARN_OBJC_IMPLICIT_RETAIN_SELF = YES;
				CLANG_WARN_OBJC_LITERAL_CONVERSION = YES;
				CLANG_WARN_OBJC_ROOT_CLASS = YES_ERROR;
				CLANG_WARN_QUOTED_INCLUDE_IN_FRAMEWORK_HEADER = YES;
				CLANG_WARN_RANGE_LOOP_ANALYSIS = YES;
				CLANG_WARN_STRICT_PROTOTYPES = YES;
				CLANG_WARN_SUSPICIOUS_MOVE = YES;
				CLANG_WARN_UNGUARDED_AVAILABILITY = YES_AGGRESSIVE;
				CLANG_WARN_UNREACHABLE_CODE = YES;
				CLANG_WARN__DUPLICATE_METHOD_MATCH = YES;
				COPY_PHASE_STRIP = NO;
				DEBUG_INFORMATION_FORMAT = "dwarf-with-dsym";
				ENABLE_NS_ASSERTIONS = NO;
				ENABLE_STRICT_OBJC_MSGSEND = YES;
				ENABLE_USER_SCRIPT_SANDBOXING = YES;
				GCC_C_LANGUAGE_STANDARD = gnu17;
				GCC_NO_COMMON_BLOCKS = YES;
				GCC_WARN_64_TO_32_BIT_CONVERSION = YES;
				GCC_WARN_ABOUT_RETURN_TYPE = YES_ERROR;
				GCC_WARN_UNDECLARED_SELECTOR = YES;
				GCC_WARN_UNINITIALIZED_AUTOS = YES_AGGRESSIVE;
				GCC_WARN_UNUSED_FUNCTION = YES;
				GCC_WARN_UNUSED_VARIABLE = YES;
				IPHONEOS_DEPLOYMENT_TARGET = 17.5;
				LOCALIZATION_PREFERS_STRING_CATALOGS = YES;
				MTL_ENABLE_DEBUG_INFO = NO;
				MTL_FAST_MATH = YES;
				SDKROOT = iphoneos;
				SWIFT_COMPILATION_MODE = wholemodule;
				VALIDATE_PRODUCT = YES;
			};
			name = Release;
		};
		C638D0C82C60DEF6002C59AB /* Debug */ = {
			isa = XCBuildConfiguration;
			buildSettings = {
				ASSETCATALOG_COMPILER_APPICON_NAME = AppIcon;
				ASSETCATALOG_COMPILER_GLOBAL_ACCENT_COLOR_NAME = AccentColor;
				CODE_SIGN_STYLE = Automatic;
				CURRENT_PROJECT_VERSION = 1;
				GENERATE_INFOPLIST_FILE = YES;
				INFOPLIST_FILE = "iOS HW-21 Oksana Kazarinova/Resources/Info.plist";
				INFOPLIST_KEY_UIApplicationSupportsIndirectInputEvents = YES;
				INFOPLIST_KEY_UILaunchStoryboardName = LaunchScreen;
				INFOPLIST_KEY_UISupportedInterfaceOrientations = UIInterfaceOrientationPortrait;
				INFOPLIST_KEY_UISupportedInterfaceOrientations_iPad = "UIInterfaceOrientationLandscapeLeft UIInterfaceOrientationLandscapeRight UIInterfaceOrientationPortrait UIInterfaceOrientationPortraitUpsideDown";
				LD_RUNPATH_SEARCH_PATHS = (
					"$(inherited)",
					"@executable_path/Frameworks",
				);
				MARKETING_VERSION = 1.0;
				PRODUCT_BUNDLE_IDENTIFIER = "okcreating.iOS-HW-21-Oksana-Kazarinova";
				PRODUCT_NAME = "$(TARGET_NAME)";
				SUPPORTED_PLATFORMS = "iphoneos iphonesimulator";
				SUPPORTS_MACCATALYST = NO;
				SUPPORTS_MAC_DESIGNED_FOR_IPHONE_IPAD = NO;
				SUPPORTS_XR_DESIGNED_FOR_IPHONE_IPAD = NO;
				SWIFT_EMIT_LOC_STRINGS = YES;
				SWIFT_VERSION = 5.0;
				TARGETED_DEVICE_FAMILY = "1,2";
			};
			name = Debug;
		};
		C638D0C92C60DEF6002C59AB /* Release */ = {
			isa = XCBuildConfiguration;
			buildSettings = {
				ASSETCATALOG_COMPILER_APPICON_NAME = AppIcon;
				ASSETCATALOG_COMPILER_GLOBAL_ACCENT_COLOR_NAME = AccentColor;
				CODE_SIGN_STYLE = Automatic;
				CURRENT_PROJECT_VERSION = 1;
				GENERATE_INFOPLIST_FILE = YES;
				INFOPLIST_FILE = "iOS HW-21 Oksana Kazarinova/Resources/Info.plist";
				INFOPLIST_KEY_UIApplicationSupportsIndirectInputEvents = YES;
				INFOPLIST_KEY_UILaunchStoryboardName = LaunchScreen;
				INFOPLIST_KEY_UISupportedInterfaceOrientations = UIInterfaceOrientationPortrait;
				INFOPLIST_KEY_UISupportedInterfaceOrientations_iPad = "UIInterfaceOrientationLandscapeLeft UIInterfaceOrientationLandscapeRight UIInterfaceOrientationPortrait UIInterfaceOrientationPortraitUpsideDown";
				LD_RUNPATH_SEARCH_PATHS = (
					"$(inherited)",
					"@executable_path/Frameworks",
				);
				MARKETING_VERSION = 1.0;
				PRODUCT_BUNDLE_IDENTIFIER = "okcreating.iOS-HW-21-Oksana-Kazarinova";
				PRODUCT_NAME = "$(TARGET_NAME)";
				SUPPORTED_PLATFORMS = "iphoneos iphonesimulator";
				SUPPORTS_MACCATALYST = NO;
				SUPPORTS_MAC_DESIGNED_FOR_IPHONE_IPAD = NO;
				SUPPORTS_XR_DESIGNED_FOR_IPHONE_IPAD = NO;
				SWIFT_EMIT_LOC_STRINGS = YES;
				SWIFT_VERSION = 5.0;
				TARGETED_DEVICE_FAMILY = "1,2";
			};
			name = Release;
		};
/* End XCBuildConfiguration section */

/* Begin XCConfigurationList section */
		C638D0AE2C60DEF4002C59AB /* Build configuration list for PBXProject "iOS HW-21 Oksana Kazarinova" */ = {
			isa = XCConfigurationList;
			buildConfigurations = (
				C638D0C52C60DEF6002C59AB /* Debug */,
				C638D0C62C60DEF6002C59AB /* Release */,
			);
			defaultConfigurationIsVisible = 0;
			defaultConfigurationName = Release;
		};
		C638D0C72C60DEF6002C59AB /* Build configuration list for PBXNativeTarget "iOS HW-21 Oksana Kazarinova" */ = {
			isa = XCConfigurationList;
			buildConfigurations = (
				C638D0C82C60DEF6002C59AB /* Debug */,
				C638D0C92C60DEF6002C59AB /* Release */,
			);
			defaultConfigurationIsVisible = 0;
			defaultConfigurationName = Release;
		};
/* End XCConfigurationList section */
	};
	rootObject = C638D0AB2C60DEF4002C59AB /* Project object */;
}
